// !$*UTF8*$!
{
	archiveVersion = 1;
	classes = {
	};
	objectVersion = 56;
	objects = {

/* Begin PBXBuildFile section */
		FE6599AC2A78ECBE0079D7F1 /* AppDelegate.swift in Sources */ = {isa = PBXBuildFile; fileRef = FE6599AB2A78ECBE0079D7F1 /* AppDelegate.swift */; };
		FE6599AE2A78ECBE0079D7F1 /* SceneDelegate.swift in Sources */ = {isa = PBXBuildFile; fileRef = FE6599AD2A78ECBE0079D7F1 /* SceneDelegate.swift */; };
		FE6599B02A78ECBE0079D7F1 /* ViewController.swift in Sources */ = {isa = PBXBuildFile; fileRef = FE6599AF2A78ECBE0079D7F1 /* ViewController.swift */; };
		FE6599B32A78ECBE0079D7F1 /* Main.storyboard in Resources */ = {isa = PBXBuildFile; fileRef = FE6599B12A78ECBE0079D7F1 /* Main.storyboard */; };
		FE6599B52A78ECBE0079D7F1 /* Assets.xcassets in Resources */ = {isa = PBXBuildFile; fileRef = FE6599B42A78ECBE0079D7F1 /* Assets.xcassets */; };
		FE6599B82A78ECBE0079D7F1 /* LaunchScreen.storyboard in Resources */ = {isa = PBXBuildFile; fileRef = FE6599B62A78ECBE0079D7F1 /* LaunchScreen.storyboard */; };
/* End PBXBuildFile section */

/* Begin PBXFileReference section */
		FE6599A82A78ECBE0079D7F1 /* Surf_test_CV.app */ = {isa = PBXFileReference; explicitFileType = wrapper.application; includeInIndex = 0; path = Surf_test_CV.app; sourceTree = BUILT_PRODUCTS_DIR; };
		FE6599AB2A78ECBE0079D7F1 /* AppDelegate.swift */ = {isa = PBXFileReference; lastKnownFileType = sourcecode.swift; path = AppDelegate.swift; sourceTree = "<group>"; };
		FE6599AD2A78ECBE0079D7F1 /* SceneDelegate.swift */ = {isa = PBXFileReference; lastKnownFileType = sourcecode.swift; path = SceneDelegate.swift; sourceTree = "<group>"; };
		FE6599AF2A78ECBE0079D7F1 /* ViewController.swift */ = {isa = PBXFileReference; lastKnownFileType = sourcecode.swift; path = ViewController.swift; sourceTree = "<group>"; };
		FE6599B22A78ECBE0079D7F1 /* Base */ = {isa = PBXFileReference; lastKnownFileType = file.storyboard; name = Base; path = Base.lproj/Main.storyboard; sourceTree = "<group>"; };
		FE6599B42A78ECBE0079D7F1 /* Assets.xcassets */ = {isa = PBXFileReference; lastKnownFileType = folder.assetcatalog; path = Assets.xcassets; sourceTree = "<group>"; };
		FE6599B72A78ECBE0079D7F1 /* Base */ = {isa = PBXFileReference; lastKnownFileType = file.storyboard; name = Base; path = Base.lproj/LaunchScreen.storyboard; sourceTree = "<group>"; };
		FE6599B92A78ECBE0079D7F1 /* Info.plist */ = {isa = PBXFileReference; lastKnownFileType = text.plist.xml; path = Info.plist; sourceTree = "<group>"; };
		FE6599BF2A799D880079D7F1 /* SFProDisplay-Bold.ttf */ = {isa = PBXFileReference; lastKnownFileType = file; path = "SFProDisplay-Bold.ttf"; sourceTree = "<group>"; };
		FE6599C02A799EAC0079D7F1 /* SFProDisplay-Regular.ttf */ = {isa = PBXFileReference; lastKnownFileType = file; path = "SFProDisplay-Regular.ttf"; sourceTree = "<group>"; };
/* End PBXFileReference section */

/* Begin PBXFrameworksBuildPhase section */
		FE6599A52A78ECBE0079D7F1 /* Frameworks */ = {
			isa = PBXFrameworksBuildPhase;
			buildActionMask = 2147483647;
			files = (
			);
			runOnlyForDeploymentPostprocessing = 0;
		};
/* End PBXFrameworksBuildPhase section */

/* Begin PBXGroup section */
		FE65999F2A78ECBE0079D7F1 = {
			isa = PBXGroup;
			children = (
				FE6599AA2A78ECBE0079D7F1 /* Surf_test_CV */,
				FE6599A92A78ECBE0079D7F1 /* Products */,
			);
			sourceTree = "<group>";
		};
		FE6599A92A78ECBE0079D7F1 /* Products */ = {
			isa = PBXGroup;
			children = (
				FE6599A82A78ECBE0079D7F1 /* Surf_test_CV.app */,
			);
			name = Products;
			sourceTree = "<group>";
		};
		FE6599AA2A78ECBE0079D7F1 /* Surf_test_CV */ = {
			isa = PBXGroup;
			children = (
				FE6599AB2A78ECBE0079D7F1 /* AppDelegate.swift */,
				FE6599AD2A78ECBE0079D7F1 /* SceneDelegate.swift */,
				FE6599AF2A78ECBE0079D7F1 /* ViewController.swift */,
				FE6599B12A78ECBE0079D7F1 /* Main.storyboard */,
				FE6599B42A78ECBE0079D7F1 /* Assets.xcassets */,
				FE6599B62A78ECBE0079D7F1 /* LaunchScreen.storyboard */,
				FE6599B92A78ECBE0079D7F1 /* Info.plist */,
				FE6599BF2A799D880079D7F1 /* SFProDisplay-Bold.ttf */,
				FE6599C02A799EAC0079D7F1 /* SFProDisplay-Regular.ttf */,
			);
			path = Surf_test_CV;
			sourceTree = "<group>";
		};
/* End PBXGroup section */

/* Begin PBXNativeTarget section */
		FE6599A72A78ECBE0079D7F1 /* Surf_test_CV */ = {
			isa = PBXNativeTarget;
			buildConfigurationList = FE6599BC2A78ECBE0079D7F1 /* Build configuration list for PBXNativeTarget "Surf_test_CV" */;
			buildPhases = (
				FE6599A42A78ECBE0079D7F1 /* Sources */,
				FE6599A52A78ECBE0079D7F1 /* Frameworks */,
				FE6599A62A78ECBE0079D7F1 /* Resources */,
			);
			buildRules = (
			);
			dependencies = (
			);
			name = Surf_test_CV;
			productName = Surf_test_CV;
			productReference = FE6599A82A78ECBE0079D7F1 /* Surf_test_CV.app */;
			productType = "com.apple.product-type.application";
		};
/* End PBXNativeTarget section */

/* Begin PBXProject section */
		FE6599A02A78ECBE0079D7F1 /* Project object */ = {
			isa = PBXProject;
			attributes = {
				BuildIndependentTargetsInParallel = 1;
				LastSwiftUpdateCheck = 1430;
				LastUpgradeCheck = 1430;
				TargetAttributes = {
					FE6599A72A78ECBE0079D7F1 = {
						CreatedOnToolsVersion = 14.3.1;
					};
				};
			};
			buildConfigurationList = FE6599A32A78ECBE0079D7F1 /* Build configuration list for PBXProject "Surf_test_CV" */;
			compatibilityVersion = "Xcode 14.0";
			developmentRegion = en;
			hasScannedForEncodings = 0;
			knownRegions = (
				en,
				Base,
			);
			mainGroup = FE65999F2A78ECBE0079D7F1;
			productRefGroup = FE6599A92A78ECBE0079D7F1 /* Products */;
			projectDirPath = "";
			projectRoot = "";
			targets = (
				FE6599A72A78ECBE0079D7F1 /* Surf_test_CV */,
			);
		};
/* End PBXProject section */

/* Begin PBXResourcesBuildPhase section */
		FE6599A62A78ECBE0079D7F1 /* Resources */ = {
			isa = PBXResourcesBuildPhase;
			buildActionMask = 2147483647;
			files = (
				FE6599B82A78ECBE0079D7F1 /* LaunchScreen.storyboard in Resources */,
				FE6599B52A78ECBE0079D7F1 /* Assets.xcassets in Resources */,
				FE6599B32A78ECBE0079D7F1 /* Main.storyboard in Resources */,
			);
			runOnlyForDeploymentPostprocessing = 0;
		};
/* End PBXResourcesBuildPhase section */

/* Begin PBXSourcesBuildPhase section */
		FE6599A42A78ECBE0079D7F1 /* Sources */ = {
			isa = PBXSourcesBuildPhase;
			buildActionMask = 2147483647;
			files = (
				FE6599B02A78ECBE0079D7F1 /* ViewController.swift in Sources */,
				FE6599AC2A78ECBE0079D7F1 /* AppDelegate.swift in Sources */,
				FE6599AE2A78ECBE0079D7F1 /* SceneDelegate.swift in Sources */,
			);
			runOnlyForDeploymentPostprocessing = 0;
		};
/* End PBXSourcesBuildPhase section */

/* Begin PBXVariantGroup section */
		FE6599B12A78ECBE0079D7F1 /* Main.storyboard */ = {
			isa = PBXVariantGroup;
			children = (
				FE6599B22A78ECBE0079D7F1 /* Base */,
			);
			name = Main.storyboard;
			sourceTree = "<group>";
		};
		FE6599B62A78ECBE0079D7F1 /* LaunchScreen.storyboard */ = {
			isa = PBXVariantGroup;
			children = (
				FE6599B72A78ECBE0079D7F1 /* Base */,
			);
			name = LaunchScreen.storyboard;
			sourceTree = "<group>";
		};
/* End PBXVariantGroup section */

/* Begin XCBuildConfiguration section */
		FE6599BA2A78ECBE0079D7F1 /* Debug */ = {
			isa = XCBuildConfiguration;
			buildSettings = {
				ALWAYS_SEARCH_USER_PATHS = NO;
				CLANG_ANALYZER_NONNULL = YES;
				CLANG_ANALYZER_NUMBER_OBJECT_CONVERSION = YES_AGGRESSIVE;
				CLANG_CXX_LANGUAGE_STANDARD = "gnu++20";
				CLANG_ENABLE_MODULES = YES;
				CLANG_ENABLE_OBJC_ARC = YES;
				CLANG_ENABLE_OBJC_WEAK = YES;
				CLANG_WARN_BLOCK_CAPTURE_AUTORELEASING = YES;
				CLANG_WARN_BOOL_CONVERSION = YES;
				CLANG_WARN_COMMA = YES;
				CLANG_WARN_CONSTANT_CONVERSION = YES;
				CLANG_WARN_DEPRECATED_OBJC_IMPLEMENTATIONS = YES;
				CLANG_WARN_DIRECT_OBJC_ISA_USAGE = YES_ERROR;
				CLANG_WARN_DOCUMENTATION_COMMENTS = YES;
				CLANG_WARN_EMPTY_BODY = YES;
				CLANG_WARN_ENUM_CONVERSION = YES;
				CLANG_WARN_INFINITE_RECURSION = YES;
				CLANG_WARN_INT_CONVERSION = YES;
				CLANG_WARN_NON_LITERAL_NULL_CONVERSION = YES;
				CLANG_WARN_OBJC_IMPLICIT_RETAIN_SELF = YES;
				CLANG_WARN_OBJC_LITERAL_CONVERSION = YES;
				CLANG_WARN_OBJC_ROOT_CLASS = YES_ERROR;
				CLANG_WARN_QUOTED_INCLUDE_IN_FRAMEWORK_HEADER = YES;
				CLANG_WARN_RANGE_LOOP_ANALYSIS = YES;
				CLANG_WARN_STRICT_PROTOTYPES = YES;
				CLANG_WARN_SUSPICIOUS_MOVE = YES;
				CLANG_WARN_UNGUARDED_AVAILABILITY = YES_AGGRESSIVE;
				CLANG_WARN_UNREACHABLE_CODE = YES;
				CLANG_WARN__DUPLICATE_METHOD_MATCH = YES;
				COPY_PHASE_STRIP = NO;
				DEBUG_INFORMATION_FORMAT = dwarf;
				ENABLE_STRICT_OBJC_MSGSEND = YES;
				ENABLE_TESTABILITY = YES;
				GCC_C_LANGUAGE_STANDARD = gnu11;
				GCC_DYNAMIC_NO_PIC = NO;
				GCC_NO_COMMON_BLOCKS = YES;
				GCC_OPTIMIZATION_LEVEL = 0;
				GCC_PREPROCESSOR_DEFINITIONS = (
					"DEBUG=1",
					"$(inherited)",
				);
				GCC_WARN_64_TO_32_BIT_CONVERSION = YES;
				GCC_WARN_ABOUT_RETURN_TYPE = YES_ERROR;
				GCC_WARN_UNDECLARED_SELECTOR = YES;
				GCC_WARN_UNINITIALIZED_AUTOS = YES_AGGRESSIVE;
				GCC_WARN_UNUSED_FUNCTION = YES;
				GCC_WARN_UNUSED_VARIABLE = YES;
				IPHONEOS_DEPLOYMENT_TARGET = 16.4;
				MTL_ENABLE_DEBUG_INFO = INCLUDE_SOURCE;
				MTL_FAST_MATH = YES;
				ONLY_ACTIVE_ARCH = YES;
				SDKROOT = iphoneos;
				SWIFT_ACTIVE_COMPILATION_CONDITIONS = DEBUG;
				SWIFT_OPTIMIZATION_LEVEL = "-Onone";
			};
			name = Debug;
		};
		FE6599BB2A78ECBE0079D7F1 /* Release */ = {
			isa = XCBuildConfiguration;
			buildSettings = {
				ALWAYS_SEARCH_USER_PATHS = NO;
				CLANG_ANALYZER_NONNULL = YES;
				CLANG_ANALYZER_NUMBER_OBJECT_CONVERSION = YES_AGGRESSIVE;
				CLANG_CXX_LANGUAGE_STANDARD = "gnu++20";
				CLANG_ENABLE_MODULES = YES;
				CLANG_ENABLE_OBJC_ARC = YES;
				CLANG_ENABLE_OBJC_WEAK = YES;
				CLANG_WARN_BLOCK_CAPTURE_AUTORELEASING = YES;
				CLANG_WARN_BOOL_CONVERSION = YES;
				CLANG_WARN_COMMA = YES;
				CLANG_WARN_CONSTANT_CONVERSION = YES;
				CLANG_WARN_DEPRECATED_OBJC_IMPLEMENTATIONS = YES;
				CLANG_WARN_DIRECT_OBJC_ISA_USAGE = YES_ERROR;
				CLANG_WARN_DOCUMENTATION_COMMENTS = YES;
				CLANG_WARN_EMPTY_BODY = YES;
				CLANG_WARN_ENUM_CONVERSION = YES;
				CLANG_WARN_INFINITE_RECURSION = YES;
				CLANG_WARN_INT_CONVERSION = YES;
				CLANG_WARN_NON_LITERAL_NULL_CONVERSION = YES;
				CLANG_WARN_OBJC_IMPLICIT_RETAIN_SELF = YES;
				CLANG_WARN_OBJC_LITERAL_CONVERSION = YES;
				CLANG_WARN_OBJC_ROOT_CLASS = YES_ERROR;
				CLANG_WARN_QUOTED_INCLUDE_IN_FRAMEWORK_HEADER = YES;
				CLANG_WARN_RANGE_LOOP_ANALYSIS = YES;
				CLANG_WARN_STRICT_PROTOTYPES = YES;
				CLANG_WARN_SUSPICIOUS_MOVE = YES;
				CLANG_WARN_UNGUARDED_AVAILABILITY = YES_AGGRESSIVE;
				CLANG_WARN_UNREACHABLE_CODE = YES;
				CLANG_WARN__DUPLICATE_METHOD_MATCH = YES;
				COPY_PHASE_STRIP = NO;
				DEBUG_INFORMATION_FORMAT = "dwarf-with-dsym";
				ENABLE_NS_ASSERTIONS = NO;
				ENABLE_STRICT_OBJC_MSGSEND = YES;
				GCC_C_LANGUAGE_STANDARD = gnu11;
				GCC_NO_COMMON_BLOCKS = YES;
				GCC_WARN_64_TO_32_BIT_CONVERSION = YES;
				GCC_WARN_ABOUT_RETURN_TYPE = YES_ERROR;
				GCC_WARN_UNDECLARED_SELECTOR = YES;
				GCC_WARN_UNINITIALIZED_AUTOS = YES_AGGRESSIVE;
				GCC_WARN_UNUSED_FUNCTION = YES;
				GCC_WARN_UNUSED_VARIABLE = YES;
				IPHONEOS_DEPLOYMENT_TARGET = 16.4;
				MTL_ENABLE_DEBUG_INFO = NO;
				MTL_FAST_MATH = YES;
				SDKROOT = iphoneos;
				SWIFT_COMPILATION_MODE = wholemodule;
				SWIFT_OPTIMIZATION_LEVEL = "-O";
				VALIDATE_PRODUCT = YES;
			};
			name = Release;
		};
		FE6599BD2A78ECBE0079D7F1 /* Debug */ = {
			isa = XCBuildConfiguration;
			buildSettings = {
				ASSETCATALOG_COMPILER_APPICON_NAME = AppIcon;
				ASSETCATALOG_COMPILER_GLOBAL_ACCENT_COLOR_NAME = AccentColor;
				CODE_SIGN_STYLE = Automatic;
				CURRENT_PROJECT_VERSION = 1;
				DEVELOPMENT_TEAM = AX62LW76RU;
				GENERATE_INFOPLIST_FILE = YES;
				INFOPLIST_FILE = Surf_test_CV/Info.plist;
				INFOPLIST_KEY_UIApplicationSupportsIndirectInputEvents = YES;
				INFOPLIST_KEY_UILaunchStoryboardName = LaunchScreen;
				INFOPLIST_KEY_UIMainStoryboardFile = Main;
				INFOPLIST_KEY_UISupportedInterfaceOrientations_iPad = "UIInterfaceOrientationPortrait UIInterfaceOrientationPortraitUpsideDown UIInterfaceOrientationLandscapeLeft UIInterfaceOrientationLandscapeRight";
				INFOPLIST_KEY_UISupportedInterfaceOrientations_iPhone = "UIInterfaceOrientationPortrait UIInterfaceOrientationLandscapeLeft UIInterfaceOrientationLandscapeRight";
				LD_RUNPATH_SEARCH_PATHS = (
					"$(inherited)",
					"@executable_path/Frameworks",
				);
				MARKETING_VERSION = 1.0;
				PRODUCT_BUNDLE_IDENTIFIER = "JackDaw.Surf-test-CV";
				PRODUCT_NAME = "$(TARGET_NAME)";
				SWIFT_EMIT_LOC_STRINGS = YES;
				SWIFT_VERSION = 5.0;
				TARGETED_DEVICE_FAMILY = "1,2";
			};
			name = Debug;
		};
		FE6599BE2A78ECBE0079D7F1 /* Release */ = {
			isa = XCBuildConfiguration;
			buildSettings = {
				ASSETCATALOG_COMPILER_APPICON_NAME = AppIcon;
				ASSETCATALOG_COMPILER_GLOBAL_ACCENT_COLOR_NAME = AccentColor;
				CODE_SIGN_STYLE = Automatic;
				CURRENT_PROJECT_VERSION = 1;
				DEVELOPMENT_TEAM = AX62LW76RU;
				GENERATE_INFOPLIST_FILE = YES;
				INFOPLIST_FILE = Surf_test_CV/Info.plist;
				INFOPLIST_KEY_UIApplicationSupportsIndirectInputEvents = YES;
				INFOPLIST_KEY_UILaunchStoryboardName = LaunchScreen;
				INFOPLIST_KEY_UIMainStoryboardFile = Main;
				INFOPLIST_KEY_UISupportedInterfaceOrientations_iPad = "UIInterfaceOrientationPortrait UIInterfaceOrientationPortraitUpsideDown UIInterfaceOrientationLandscapeLeft UIInterfaceOrientationLandscapeRight";
				INFOPLIST_KEY_UISupportedInterfaceOrientations_iPhone = "UIInterfaceOrientationPortrait UIInterfaceOrientationLandscapeLeft UIInterfaceOrientationLandscapeRight";
				LD_RUNPATH_SEARCH_PATHS = (
					"$(inherited)",
					"@executable_path/Frameworks",
				);
				MARKETING_VERSION = 1.0;
				PRODUCT_BUNDLE_IDENTIFIER = "JackDaw.Surf-test-CV";
				PRODUCT_NAME = "$(TARGET_NAME)";
				SWIFT_EMIT_LOC_STRINGS = YES;
				SWIFT_VERSION = 5.0;
				TARGETED_DEVICE_FAMILY = "1,2";
			};
			name = Release;
		};
/* End XCBuildConfiguration section */

/* Begin XCConfigurationList section */
		FE6599A32A78ECBE0079D7F1 /* Build configuration list for PBXProject "Surf_test_CV" */ = {
			isa = XCConfigurationList;
			buildConfigurations = (
				FE6599BA2A78ECBE0079D7F1 /* Debug */,
				FE6599BB2A78ECBE0079D7F1 /* Release */,
			);
			defaultConfigurationIsVisible = 0;
			defaultConfigurationName = Release;
		};
		FE6599BC2A78ECBE0079D7F1 /* Build configuration list for PBXNativeTarget "Surf_test_CV" */ = {
			isa = XCConfigurationList;
			buildConfigurations = (
				FE6599BD2A78ECBE0079D7F1 /* Debug */,
				FE6599BE2A78ECBE0079D7F1 /* Release */,
			);
			defaultConfigurationIsVisible = 0;
			defaultConfigurationName = Release;
		};
/* End XCConfigurationList section */
	};
	rootObject = FE6599A02A78ECBE0079D7F1 /* Project object */;
}
